
Microsoft Visual Studio Solution File, Format Version 12.00
# Visual Studio Version 16
VisualStudioVersion = 16.0.31112.23
MinimumVisualStudioVersion = 10.0.40219.1
Project("{FAE04EC0-301F-11D3-BF4B-00C04F79EFBC}") = "LearningApp", "LearningApp\LearningApp.csproj", "{12826B88-BC00-44FF-8806-DA809AC5C3C0}"
EndProject
Global
	GlobalSection(SolutionConfigurationPlatforms) = preSolution
		Debug|Any CPU = Debug|Any CPU
		Release|Any CPU = Release|Any CPU
	EndGlobalSection
	GlobalSection(ProjectConfigurationPlatforms) = postSolution
		{12826B88-BC00-44FF-8806-DA809AC5C3C0}.Debug|Any CPU.ActiveCfg = Debug|Any CPU
		{12826B88-BC00-44FF-8806-DA809AC5C3C0}.Debug|Any CPU.Build.0 = Debug|Any CPU
		{12826B88-BC00-44FF-8806-DA809AC5C3C0}.Release|Any CPU.ActiveCfg = Release|Any CPU
		{12826B88-BC00-44FF-8806-DA809AC5C3C0}.Release|Any CPU.Build.0 = Release|Any CPU
	EndGlobalSection
	GlobalSection(SolutionProperties) = preSolution
		HideSolutionNode = FALSE
	EndGlobalSection
	GlobalSection(ExtensibilityGlobals) = postSolution
		SolutionGuid = {0E53610B-98EA-4C4E-96D7-CCCC95BCA626}
	EndGlobalSection
EndGlobal
